
Microsoft Visual Studio Solution File, Format Version 12.00
# Visual Studio Version 16
VisualStudioVersion = 16.0.30717.126
MinimumVisualStudioVersion = 10.0.40219.1
Project("{FAE04EC0-301F-11D3-BF4B-00C04F79EFBC}") = "task3", "task3.csproj", "{B747D2AD-B0FF-4D74-BE92-C66E7BA73AFD}"
EndProject
Global
	GlobalSection(SolutionConfigurationPlatforms) = preSolution
		Debug|Any CPU = Debug|Any CPU
		Release|Any CPU = Release|Any CPU
	EndGlobalSection
	GlobalSection(ProjectConfigurationPlatforms) = postSolution
		{B747D2AD-B0FF-4D74-BE92-C66E7BA73AFD}.Debug|Any CPU.ActiveCfg = Debug|Any CPU
		{B747D2AD-B0FF-4D74-BE92-C66E7BA73AFD}.Debug|Any CPU.Build.0 = Debug|Any CPU
		{B747D2AD-B0FF-4D74-BE92-C66E7BA73AFD}.Release|Any CPU.ActiveCfg = Release|Any CPU
		{B747D2AD-B0FF-4D74-BE92-C66E7BA73AFD}.Release|Any CPU.Build.0 = Release|Any CPU
	EndGlobalSection
	GlobalSection(SolutionProperties) = preSolution
		HideSolutionNode = FALSE
	EndGlobalSection
	GlobalSection(ExtensibilityGlobals) = postSolution
		SolutionGuid = {A184D776-AF47-4C41-B0E4-D77BCF3C33E2}
	EndGlobalSection
EndGlobal
